{
  "version": 4,
  "terraform_version": "0.13.2",
  "serial": 125,
  "lineage": "be8ad91f-bde9-48bc-8275-151328f8e201",
  "outputs": {
    "ansible_command": {
      "value": "ansible-playbook -u ubuntu --key-file ansible-key.pem -T 300 -i '54.219.89.120,', app.yml",
      "type": "string"
    },
    "public_ip": {
      "value": "54.219.89.120",
      "type": "string"
    }
  },
  "resources": [
    {
      "mode": "data",
      "type": "aws_ami",
      "name": "ubuntu",
      "provider": "provider[\"registry.terraform.io/hashicorp/aws\"]",
      "instances": [
        {
          "schema_version": 0,
          "attributes": {
            "architecture": "x86_64",
            "arn": "arn:aws:ec2:us-west-1::image/ami-0345db60aa8e3fa3d",
            "block_device_mappings": [
              {
                "device_name": "/dev/sda1",
                "ebs": {
                  "delete_on_termination": "true",
                  "encrypted": "false",
                  "iops": "0",
                  "snapshot_id": "snap-037bd27bdff99b32e",
                  "volume_size": "8",
                  "volume_type": "gp2"
                },
                "no_device": "",
                "virtual_name": ""
              },
              {
                "device_name": "/dev/sdb",
                "ebs": {},
                "no_device": "",
                "virtual_name": "ephemeral0"
              },
              {
                "device_name": "/dev/sdc",
                "ebs": {},
                "no_device": "",
                "virtual_name": "ephemeral1"
              }
            ],
            "creation_date": "2020-09-25T01:16:08.000Z",
            "description": "Canonical, Ubuntu, 20.04 LTS, amd64 focal image build on 2020-09-24",
            "executable_users": null,
            "filter": [
              {
                "name": "name",
                "values": [
                  "ubuntu/images/hvm-ssd/ubuntu-focal-20.04-amd64-server-*"
                ]
              }
            ],
            "hypervisor": "xen",
            "id": "ami-0345db60aa8e3fa3d",
            "image_id": "ami-0345db60aa8e3fa3d",
            "image_location": "099720109477/ubuntu/images/hvm-ssd/ubuntu-focal-20.04-amd64-server-20200924",
            "image_owner_alias": null,
            "image_type": "machine",
            "kernel_id": null,
            "most_recent": true,
            "name": "ubuntu/images/hvm-ssd/ubuntu-focal-20.04-amd64-server-20200924",
            "name_regex": null,
            "owner_id": "099720109477",
            "owners": [
              "099720109477"
            ],
            "platform": null,
            "product_codes": [],
            "public": true,
            "ramdisk_id": null,
            "root_device_name": "/dev/sda1",
            "root_device_type": "ebs",
            "root_snapshot_id": "snap-037bd27bdff99b32e",
            "sriov_net_support": "simple",
            "state": "available",
            "state_reason": {
              "code": "UNSET",
              "message": "UNSET"
            },
            "tags": {},
            "virtualization_type": "hvm"
          }
        }
      ]
    },
    {
      "mode": "data",
      "type": "aws_vpc",
      "name": "default",
      "provider": "provider[\"registry.terraform.io/hashicorp/aws\"]",
      "instances": [
        {
          "schema_version": 0,
          "attributes": {
            "arn": "arn:aws:ec2:us-west-1:439800815305:vpc/vpc-9ecd4bfb",
            "cidr_block": "172.31.0.0/16",
            "cidr_block_associations": [
              {
                "association_id": "vpc-cidr-assoc-4b739922",
                "cidr_block": "172.31.0.0/16",
                "state": "associated"
              }
            ],
            "default": true,
            "dhcp_options_id": "dopt-0ba4546e",
            "enable_dns_hostnames": true,
            "enable_dns_support": true,
            "filter": null,
            "id": "vpc-9ecd4bfb",
            "instance_tenancy": "default",
            "ipv6_association_id": null,
            "ipv6_cidr_block": null,
            "main_route_table_id": "rtb-22920447",
            "owner_id": "439800815305",
            "state": "available",
            "tags": {}
          }
        }
      ]
    },
    {
      "mode": "managed",
      "type": "aws_instance",
      "name": "ansible_server",
      "provider": "provider[\"registry.terraform.io/hashicorp/aws\"]",
      "instances": [
        {
          "schema_version": 1,
          "attributes": {
            "ami": "ami-0345db60aa8e3fa3d",
            "arn": "arn:aws:ec2:us-west-1:439800815305:instance/i-09f152996fb4aba17",
            "associate_public_ip_address": true,
            "availability_zone": "us-west-1b",
            "cpu_core_count": 1,
            "cpu_threads_per_core": 2,
            "credit_specification": [
              {
                "cpu_credits": "unlimited"
              }
            ],
            "disable_api_termination": false,
            "ebs_block_device": [],
            "ebs_optimized": false,
            "ephemeral_block_device": [],
            "get_password_data": false,
            "hibernation": false,
            "host_id": null,
            "iam_instance_profile": "",
            "id": "i-09f152996fb4aba17",
            "instance_initiated_shutdown_behavior": null,
            "instance_state": "running",
            "instance_type": "t3.micro",
            "ipv6_address_count": 0,
            "ipv6_addresses": [],
            "key_name": "ansible-key",
            "metadata_options": [
              {
                "http_endpoint": "enabled",
                "http_put_response_hop_limit": 1,
                "http_tokens": "optional"
              }
            ],
            "monitoring": false,
            "network_interface": [],
            "outpost_arn": "",
            "password_data": "",
            "placement_group": "",
            "primary_network_interface_id": "eni-0fc6dc01c8e53fd41",
            "private_dns": "ip-172-31-10-184.us-west-1.compute.internal",
            "private_ip": "172.31.10.184",
            "public_dns": "ec2-54-219-89-120.us-west-1.compute.amazonaws.com",
            "public_ip": "54.219.89.120",
            "root_block_device": [
              {
                "delete_on_termination": true,
                "device_name": "/dev/sda1",
                "encrypted": false,
                "iops": 100,
                "kms_key_id": "",
                "volume_id": "vol-0e00fd520a8b4a9eb",
                "volume_size": 8,
                "volume_type": "gp2"
              }
            ],
            "secondary_private_ips": [],
            "security_groups": [
              "terraform-20201005171710869900000001"
            ],
            "source_dest_check": true,
            "subnet_id": "subnet-5be44d02",
            "tags": {
              "Name": "Ansible Server"
            },
            "tenancy": "default",
            "timeouts": null,
            "user_data": null,
            "user_data_base64": null,
            "volume_tags": {},
            "vpc_security_group_ids": [
              "sg-01edbae053866b677"
            ]
          },
          "private": "eyJlMmJmYjczMC1lY2FhLTExZTYtOGY4OC0zNDM2M2JjN2M0YzAiOnsiY3JlYXRlIjo2MDAwMDAwMDAwMDAsImRlbGV0ZSI6MTIwMDAwMDAwMDAwMCwidXBkYXRlIjo2MDAwMDAwMDAwMDB9LCJzY2hlbWFfdmVyc2lvbiI6IjEifQ==",
          "dependencies": [
            "aws_key_pair.key_pair",
            "aws_security_group.allow_ssh",
            "data.aws_ami.ubuntu",
            "tls_private_key.key"
          ]
        }
      ]
    },
    {
      "mode": "managed",
      "type": "aws_key_pair",
      "name": "key_pair",
      "provider": "provider[\"registry.terraform.io/hashicorp/aws\"]",
      "instances": [
        {
          "schema_version": 1,
          "attributes": {
            "arn": "arn:aws:ec2:us-west-1:439800815305:key-pair/ansible-key",
            "fingerprint": "30:0c:ff:df:e1:aa:a1:ff:4e:02:13:1e:b8:32:c6:0e",
            "id": "ansible-key",
            "key_name": "ansible-key",
            "key_name_prefix": null,
            "key_pair_id": "key-027ecbde1f2fb22ea",
            "public_key": "ssh-rsa AAAAB3NzaC1yc2EAAAADAQABAAABAQDdcIXL+IOY270yV6u0IPrNtU9VByoPCNvi1Md/rdtujjis3bBsF7RYAFXFaY86qwHAgUjpzPB/VmheIx9d7kTVcYJjs0jnr6YtDIdICcsy0nVmSB9Sh70DaT0gJ6SJnAuRV/DpuZPDWZ0SqFqSfBpEfu7+QzLuOYQWYKyr6z/kylc8hTP8mIXD6MjqIhRhbwfKOcX6Q4w9UbS+Mm9FBlJ247NN5I9BYdcytidW8mnVgiSzpwDbatu4VCUqmLwxeaFFXg+BL4r192NBPwWywtF53/zt/8tk/tbs7idGa/vjH6gy1IiVrjUZTupwpN5B1nxsATLLQNiRU6E8BiPg5ltn",
            "tags": {}
          },
          "private": "eyJzY2hlbWFfdmVyc2lvbiI6IjEifQ==",
          "dependencies": [
            "tls_private_key.key"
          ]
        }
      ]
    },
    {
      "mode": "managed",
      "type": "aws_security_group",
      "name": "allow_ssh",
      "provider": "provider[\"registry.terraform.io/hashicorp/aws\"]",
      "instances": [
        {
          "schema_version": 1,
          "attributes": {
            "arn": "arn:aws:ec2:us-west-1:439800815305:security-group/sg-01edbae053866b677",
            "description": "Managed by Terraform",
            "egress": [
              {
                "cidr_blocks": [
                  "0.0.0.0/0"
                ],
                "description": "",
                "from_port": 0,
                "ipv6_cidr_blocks": [],
                "prefix_list_ids": [],
                "protocol": "-1",
                "security_groups": [],
                "self": false,
                "to_port": 0
              }
            ],
            "id": "sg-01edbae053866b677",
            "ingress": [
              {
                "cidr_blocks": [
                  "0.0.0.0/0"
                ],
                "description": "",
                "from_port": 22,
                "ipv6_cidr_blocks": [],
                "prefix_list_ids": [],
                "protocol": "tcp",
                "security_groups": [],
                "self": false,
                "to_port": 22
              },
              {
                "cidr_blocks": [
                  "0.0.0.0/0"
                ],
                "description": "",
                "from_port": 80,
                "ipv6_cidr_blocks": [],
                "prefix_list_ids": [],
                "protocol": "tcp",
                "security_groups": [],
                "self": false,
                "to_port": 80
              }
            ],
            "name": "terraform-20201005171710869900000001",
            "name_prefix": "",
            "owner_id": "439800815305",
            "revoke_rules_on_delete": false,
            "tags": {},
            "timeouts": null,
            "vpc_id": "vpc-9ecd4bfb"
          },
          "private": "eyJlMmJmYjczMC1lY2FhLTExZTYtOGY4OC0zNDM2M2JjN2M0YzAiOnsiY3JlYXRlIjo2MDAwMDAwMDAwMDAsImRlbGV0ZSI6NjAwMDAwMDAwMDAwfSwic2NoZW1hX3ZlcnNpb24iOiIxIn0=",
          "dependencies": [
            "data.aws_vpc.default"
          ]
        }
      ]
    },
    {
      "mode": "managed",
      "type": "local_file",
      "name": "private_key",
      "provider": "provider[\"registry.terraform.io/hashicorp/local\"]",
      "instances": [
        {
          "schema_version": 0,
          "attributes": {
            "content": null,
            "content_base64": null,
            "directory_permission": "0777",
            "file_permission": "0400",
            "filename": "./ansible-key.pem",
            "id": "48bbc2eddb699eda658c9b41796f4ed611bb62b9",
            "sensitive_content": "-----BEGIN RSA PRIVATE KEY-----\nMIIEpAIBAAKCAQEA3XCFy/iDmNu9MlertCD6zbVPVQcqDwjb4tTHf63bbo44rN2w\nbBe0WABVxWmPOqsBwIFI6czwf1ZoXiMfXe5E1XGCY7NI56+mLQyHSAnLMtJ1Zkgf\nUoe9A2k9ICekiZwLkVfw6bmTw1mdEqhaknwaRH7u/kMy7jmEFmCsq+s/5MpXPIUz\n/JiFw+jI6iIUYW8HyjnF+kOMPVG0vjJvRQZSduOzTeSPQWHXMrYnVvJp1YIks6cA\n22rbuFQlKpi8MXmhRV4PgS+K9fdjQT8FssLRed/87f/LZP7W7O4nRmv74x+oMtSI\nla41GU7qcKTeQdZ8bAEyy0DYkVOhPAYj4OZbZwIDAQABAoIBAALEbDefVG2tmVCu\nvcuTee7mLCag30quzqioBhI3Zv2bs2OdpZ3EMhHDd07vQcX26x+vveyGDh9ZQhaj\nE7pFxwBv2bRLQkb67/WyKWKiFLL+5E6x6gpK/faz8vqa5DiABbj8Q1t4YTtYvFjG\nV9Nqz505hN0Sk+lcOKVa8e14FCVUyAwb8Pn47PKLH7RXjxGjd2dbqB4XofYBOCZT\nnfw+URRToxt+rGps7AeXjitMHKbZP0sH0roB/BmTiUUrZMtNiIRUreQIVR8sdKkR\n8L0pXtT2RcAXRsGHbv2/FqiRIckNAeHxn1CMPerZGgMY+lEz8yFextaaAo2M+CRL\nM/krGsECgYEA5qMC9CGnDwjY1Pxfxan+ZvXVhh8C1xlITTwPjRbU1HicWYnLseJk\n0oJ0SDEv1mFvxw1PcLF9BpkbRcjK0cprnVK/sQiWFIOsusA34UW7JIHw6i/kC/LX\ndODXJiw6d5IOYrilphF16U1ZTbNuH3RiDmLQoLp3nqVBGMN/Os/ICGECgYEA9cqW\nOkF/tgl/JwuvHKSEnrJNSF/c+qVjEMEJd6KwnByv7ZLHT24y86YSb0qOZERHdaGd\n9/3yLMfQhSO0679pWBLAruSuW2gb0tmcnQxo45DARtRK/qWrcK6ayPI/yQa9NY0X\nrGM5tqtyD7R3AaMsbt+laK/vT/CZCXuLg/0W2McCgYEAlwBLQsN1uSY1sNy7Z5Lw\n+UAi2HkdRu9Koyabl+hG2AVPeF/7eS+ciybWMx3hEB8jK9PPGx1ZmiRL8tiP0eMR\nqiMvVh0lBbFgObT34QniiPh6XxmT2S7ZWbCLrHZwoTCDMqdp7NypsmHuAi1kADwW\npwyTQ2hSQRA5GpmEh2DauoECgYEAloMMI3hggFSobHyXKu8D1zpQYPVzGHmWhHfx\nGDWj+LUIdm7fZiCRSupzd3ssXvIA4GOrnGUBm7JwWldXPtXj6G7zVyXqL0c9Yoyn\nfvROdqv5UmZF1lIU/deuKUdPEAb0boqL6KCKgvXRzxQvm+0UFIEXhVfXMBihXlEt\nShH9n5kCgYBVN+9+GLRq/K5oyRwVZyAOVFSjyX+V+R6rSkogZ/nr1fFLtTR2b6jE\n9LzGgnD3PPkEi54RBX4UFBHB3FcEE6wqUVHJMTpyAx+CTvF2+lxak3oc0n4pVeFh\nfpVWK0e8oKPqVr2ftyyIbhL3N0pUH5yIu91nA1l3yZ6zCgt+xj4VWA==\n-----END RSA PRIVATE KEY-----\n"
          },
          "private": "bnVsbA==",
          "dependencies": [
            "tls_private_key.key"
          ]
        }
      ]
    },
    {
      "mode": "managed",
      "type": "tls_private_key",
      "name": "key",
      "provider": "provider[\"registry.terraform.io/hashicorp/tls\"]",
      "instances": [
        {
          "schema_version": 0,
          "attributes": {
            "algorithm": "RSA",
            "ecdsa_curve": "P224",
            "id": "4a91e2718cff0bdc1fc9c0c86c5dd6b139a312a7",
            "private_key_pem": "-----BEGIN RSA PRIVATE KEY-----\nMIIEpAIBAAKCAQEA3XCFy/iDmNu9MlertCD6zbVPVQcqDwjb4tTHf63bbo44rN2w\nbBe0WABVxWmPOqsBwIFI6czwf1ZoXiMfXe5E1XGCY7NI56+mLQyHSAnLMtJ1Zkgf\nUoe9A2k9ICekiZwLkVfw6bmTw1mdEqhaknwaRH7u/kMy7jmEFmCsq+s/5MpXPIUz\n/JiFw+jI6iIUYW8HyjnF+kOMPVG0vjJvRQZSduOzTeSPQWHXMrYnVvJp1YIks6cA\n22rbuFQlKpi8MXmhRV4PgS+K9fdjQT8FssLRed/87f/LZP7W7O4nRmv74x+oMtSI\nla41GU7qcKTeQdZ8bAEyy0DYkVOhPAYj4OZbZwIDAQABAoIBAALEbDefVG2tmVCu\nvcuTee7mLCag30quzqioBhI3Zv2bs2OdpZ3EMhHDd07vQcX26x+vveyGDh9ZQhaj\nE7pFxwBv2bRLQkb67/WyKWKiFLL+5E6x6gpK/faz8vqa5DiABbj8Q1t4YTtYvFjG\nV9Nqz505hN0Sk+lcOKVa8e14FCVUyAwb8Pn47PKLH7RXjxGjd2dbqB4XofYBOCZT\nnfw+URRToxt+rGps7AeXjitMHKbZP0sH0roB/BmTiUUrZMtNiIRUreQIVR8sdKkR\n8L0pXtT2RcAXRsGHbv2/FqiRIckNAeHxn1CMPerZGgMY+lEz8yFextaaAo2M+CRL\nM/krGsECgYEA5qMC9CGnDwjY1Pxfxan+ZvXVhh8C1xlITTwPjRbU1HicWYnLseJk\n0oJ0SDEv1mFvxw1PcLF9BpkbRcjK0cprnVK/sQiWFIOsusA34UW7JIHw6i/kC/LX\ndODXJiw6d5IOYrilphF16U1ZTbNuH3RiDmLQoLp3nqVBGMN/Os/ICGECgYEA9cqW\nOkF/tgl/JwuvHKSEnrJNSF/c+qVjEMEJd6KwnByv7ZLHT24y86YSb0qOZERHdaGd\n9/3yLMfQhSO0679pWBLAruSuW2gb0tmcnQxo45DARtRK/qWrcK6ayPI/yQa9NY0X\nrGM5tqtyD7R3AaMsbt+laK/vT/CZCXuLg/0W2McCgYEAlwBLQsN1uSY1sNy7Z5Lw\n+UAi2HkdRu9Koyabl+hG2AVPeF/7eS+ciybWMx3hEB8jK9PPGx1ZmiRL8tiP0eMR\nqiMvVh0lBbFgObT34QniiPh6XxmT2S7ZWbCLrHZwoTCDMqdp7NypsmHuAi1kADwW\npwyTQ2hSQRA5GpmEh2DauoECgYEAloMMI3hggFSobHyXKu8D1zpQYPVzGHmWhHfx\nGDWj+LUIdm7fZiCRSupzd3ssXvIA4GOrnGUBm7JwWldXPtXj6G7zVyXqL0c9Yoyn\nfvROdqv5UmZF1lIU/deuKUdPEAb0boqL6KCKgvXRzxQvm+0UFIEXhVfXMBihXlEt\nShH9n5kCgYBVN+9+GLRq/K5oyRwVZyAOVFSjyX+V+R6rSkogZ/nr1fFLtTR2b6jE\n9LzGgnD3PPkEi54RBX4UFBHB3FcEE6wqUVHJMTpyAx+CTvF2+lxak3oc0n4pVeFh\nfpVWK0e8oKPqVr2ftyyIbhL3N0pUH5yIu91nA1l3yZ6zCgt+xj4VWA==\n-----END RSA PRIVATE KEY-----\n",
            "public_key_fingerprint_md5": "ab:90:0e:e3:fd:fc:0f:02:07:ee:1d:f5:dc:4e:55:32",
            "public_key_openssh": "ssh-rsa AAAAB3NzaC1yc2EAAAADAQABAAABAQDdcIXL+IOY270yV6u0IPrNtU9VByoPCNvi1Md/rdtujjis3bBsF7RYAFXFaY86qwHAgUjpzPB/VmheIx9d7kTVcYJjs0jnr6YtDIdICcsy0nVmSB9Sh70DaT0gJ6SJnAuRV/DpuZPDWZ0SqFqSfBpEfu7+QzLuOYQWYKyr6z/kylc8hTP8mIXD6MjqIhRhbwfKOcX6Q4w9UbS+Mm9FBlJ247NN5I9BYdcytidW8mnVgiSzpwDbatu4VCUqmLwxeaFFXg+BL4r192NBPwWywtF53/zt/8tk/tbs7idGa/vjH6gy1IiVrjUZTupwpN5B1nxsATLLQNiRU6E8BiPg5ltn\n",
            "public_key_pem": "-----BEGIN PUBLIC KEY-----\nMIIBIjANBgkqhkiG9w0BAQEFAAOCAQ8AMIIBCgKCAQEA3XCFy/iDmNu9MlertCD6\nzbVPVQcqDwjb4tTHf63bbo44rN2wbBe0WABVxWmPOqsBwIFI6czwf1ZoXiMfXe5E\n1XGCY7NI56+mLQyHSAnLMtJ1ZkgfUoe9A2k9ICekiZwLkVfw6bmTw1mdEqhaknwa\nRH7u/kMy7jmEFmCsq+s/5MpXPIUz/JiFw+jI6iIUYW8HyjnF+kOMPVG0vjJvRQZS\nduOzTeSPQWHXMrYnVvJp1YIks6cA22rbuFQlKpi8MXmhRV4PgS+K9fdjQT8FssLR\ned/87f/LZP7W7O4nRmv74x+oMtSIla41GU7qcKTeQdZ8bAEyy0DYkVOhPAYj4OZb\nZwIDAQAB\n-----END PUBLIC KEY-----\n",
            "rsa_bits": 2048
          },
          "private": "bnVsbA=="
        }
      ]
    }
  ]
}
